
Microsoft Visual Studio Solution File, Format Version 12.00
# Visual Studio Version 16
VisualStudioVersion = 16.0.30907.101
MinimumVisualStudioVersion = 10.0.40219.1
Project("{FAE04EC0-301F-11D3-BF4B-00C04F79EFBC}") = "mvcapp1", "mvcapp1\mvcapp1.csproj", "{9605D1A0-68BB-4676-BB5C-BD69A3EA3529}"
EndProject
Global
	GlobalSection(SolutionConfigurationPlatforms) = preSolution
		Debug|Any CPU = Debug|Any CPU
		Release|Any CPU = Release|Any CPU
	EndGlobalSection
	GlobalSection(ProjectConfigurationPlatforms) = postSolution
		{9605D1A0-68BB-4676-BB5C-BD69A3EA3529}.Debug|Any CPU.ActiveCfg = Debug|Any CPU
		{9605D1A0-68BB-4676-BB5C-BD69A3EA3529}.Debug|Any CPU.Build.0 = Debug|Any CPU
		{9605D1A0-68BB-4676-BB5C-BD69A3EA3529}.Release|Any CPU.ActiveCfg = Release|Any CPU
		{9605D1A0-68BB-4676-BB5C-BD69A3EA3529}.Release|Any CPU.Build.0 = Release|Any CPU
	EndGlobalSection
	GlobalSection(SolutionProperties) = preSolution
		HideSolutionNode = FALSE
	EndGlobalSection
	GlobalSection(ExtensibilityGlobals) = postSolution
		SolutionGuid = {E2BC02BC-F899-4769-A8D7-8B417C76BC40}
	EndGlobalSection
EndGlobal
